// !$*UTF8*$!
{
	archiveVersion = 1;
	classes = {
	};
	objectVersion = 50;
	objects = {

/* Begin PBXBuildFile section */
		8298B3864931B6B05E8A67FC /* Pods_New_Radio_App.framework in Frameworks */ = {isa = PBXBuildFile; fileRef = E48ED0300A695FFB7795B528 /* Pods_New_Radio_App.framework */; };
		CA1CB820224D70AF002FFD54 /* ProfileViewController.swift in Sources */ = {isa = PBXBuildFile; fileRef = CA1CB81E224D70AF002FFD54 /* ProfileViewController.swift */; };
		CA1CB821224D70AF002FFD54 /* ProfileViewController.xib in Resources */ = {isa = PBXBuildFile; fileRef = CA1CB81F224D70AF002FFD54 /* ProfileViewController.xib */; };
		CA1CB823224DFBD3002FFD54 /* APIService.swift in Sources */ = {isa = PBXBuildFile; fileRef = CA1CB822224DFBD3002FFD54 /* APIService.swift */; };
		CA1CB825224DFBD9002FFD54 /* JsonParsingModels.swift in Sources */ = {isa = PBXBuildFile; fileRef = CA1CB824224DFBD9002FFD54 /* JsonParsingModels.swift */; };
		CA1CB827224DFBE3002FFD54 /* Podcast.swift in Sources */ = {isa = PBXBuildFile; fileRef = CA1CB826224DFBE2002FFD54 /* Podcast.swift */; };
		CA1CB82B224E04FA002FFD54 /* ChatListViewController.swift in Sources */ = {isa = PBXBuildFile; fileRef = CA1CB82A224E04FA002FFD54 /* ChatListViewController.swift */; };
		CA1CB82D224E0744002FFD54 /* ChatListCell.xib in Resources */ = {isa = PBXBuildFile; fileRef = CA1CB82C224E0744002FFD54 /* ChatListCell.xib */; };
		CA1CB82F224E07D2002FFD54 /* ChatListCell.swift in Sources */ = {isa = PBXBuildFile; fileRef = CA1CB82E224E07D2002FFD54 /* ChatListCell.swift */; };
		CA24CEF022509ED400294141 /* FavoritesCell.swift in Sources */ = {isa = PBXBuildFile; fileRef = CA24CEEE22509ED400294141 /* FavoritesCell.swift */; };
		CA24CEF122509ED400294141 /* FavoritesCell.xib in Resources */ = {isa = PBXBuildFile; fileRef = CA24CEEF22509ED400294141 /* FavoritesCell.xib */; };
		CA24CEF42250AA9A00294141 /* InfoPodcastViewController.swift in Sources */ = {isa = PBXBuildFile; fileRef = CA24CEF22250AA9A00294141 /* InfoPodcastViewController.swift */; };
		CA24CEF52250AA9A00294141 /* InfoPodcastViewController.xib in Resources */ = {isa = PBXBuildFile; fileRef = CA24CEF32250AA9A00294141 /* InfoPodcastViewController.xib */; };
		CA3D093522564C750079C482 /* GoogleService-Info.plist in Resources */ = {isa = PBXBuildFile; fileRef = CA3D093422564C750079C482 /* GoogleService-Info.plist */; };
		CA3D096C22574EC70079C482 /* ChatViewController.swift in Sources */ = {isa = PBXBuildFile; fileRef = CA3D096B22574EC70079C482 /* ChatViewController.swift */; };
		CA3D0981225778B90079C482 /* MessageCell.swift in Sources */ = {isa = PBXBuildFile; fileRef = CA3D097F225778B90079C482 /* MessageCell.swift */; };
		CA3D0982225778B90079C482 /* MessageCell.xib in Resources */ = {isa = PBXBuildFile; fileRef = CA3D0980225778B90079C482 /* MessageCell.xib */; };
		CA51EF2A2245872F0061D0EA /* AppDelegate.swift in Sources */ = {isa = PBXBuildFile; fileRef = CA51EF292245872F0061D0EA /* AppDelegate.swift */; };
		CA51EF2C2245872F0061D0EA /* ViewController.swift in Sources */ = {isa = PBXBuildFile; fileRef = CA51EF2B2245872F0061D0EA /* ViewController.swift */; };
		CA51EF2F2245872F0061D0EA /* Main.storyboard in Resources */ = {isa = PBXBuildFile; fileRef = CA51EF2D2245872F0061D0EA /* Main.storyboard */; };
		CA51EF312245872F0061D0EA /* Assets.xcassets in Resources */ = {isa = PBXBuildFile; fileRef = CA51EF302245872F0061D0EA /* Assets.xcassets */; };
		CA51EF342245872F0061D0EA /* LaunchScreen.storyboard in Resources */ = {isa = PBXBuildFile; fileRef = CA51EF322245872F0061D0EA /* LaunchScreen.storyboard */; };
		CA51EF3C2247645D0061D0EA /* MainTabBarController.swift in Sources */ = {isa = PBXBuildFile; fileRef = CA51EF3B2247645D0061D0EA /* MainTabBarController.swift */; };
		CA51EF3F22476AD10061D0EA /* PodcastViewController.swift in Sources */ = {isa = PBXBuildFile; fileRef = CA51EF3E22476AD10061D0EA /* PodcastViewController.swift */; };
		CA51EF4A224787560061D0EA /* PodcastCell.xib in Resources */ = {isa = PBXBuildFile; fileRef = CA51EF49224787560061D0EA /* PodcastCell.xib */; };
		CA51EF50224788580061D0EA /* PodcastCell.swift in Sources */ = {isa = PBXBuildFile; fileRef = CA51EF4F224788580061D0EA /* PodcastCell.swift */; };
		CA51EF52224796490061D0EA /* PlayerDetaislView.xib in Resources */ = {isa = PBXBuildFile; fileRef = CA51EF51224796490061D0EA /* PlayerDetaislView.xib */; };
		CA51EF56224799680061D0EA /* PlayerDetaislView.swift in Sources */ = {isa = PBXBuildFile; fileRef = CA51EF55224799680061D0EA /* PlayerDetaislView.swift */; };
		CA51EF592247B3720061D0EA /* CMTime.swift in Sources */ = {isa = PBXBuildFile; fileRef = CA51EF582247B3720061D0EA /* CMTime.swift */; };
		CA51EF5B224818610061D0EA /* PlayerDetailsView+Gesture.swift in Sources */ = {isa = PBXBuildFile; fileRef = CA51EF5A224818610061D0EA /* PlayerDetailsView+Gesture.swift */; };
		CA51EF5D224820930061D0EA /* UIApplication.swift in Sources */ = {isa = PBXBuildFile; fileRef = CA51EF5C224820930061D0EA /* UIApplication.swift */; };
		CA51EF5F2248E67D0061D0EA /* FavoritesController.swift in Sources */ = {isa = PBXBuildFile; fileRef = CA51EF5E2248E67D0061D0EA /* FavoritesController.swift */; };
		CA51EF612248EE000061D0EA /* FavoritePodcastCell.swift in Sources */ = {isa = PBXBuildFile; fileRef = CA51EF602248EE000061D0EA /* FavoritePodcastCell.swift */; };
		CA51EFF5224A851E0061D0EA /* UserDefaults.swift in Sources */ = {isa = PBXBuildFile; fileRef = CA51EFF4224A851E0061D0EA /* UserDefaults.swift */; };
		CAEBD9F8225644DF003ECE29 /* CommentModel.swift in Sources */ = {isa = PBXBuildFile; fileRef = CAEBD9F7225644DF003ECE29 /* CommentModel.swift */; };
/* End PBXBuildFile section */

/* Begin PBXFileReference section */
		11290FEFEB7E09FA28A8226D /* Pods-New Radio App.debug.xcconfig */ = {isa = PBXFileReference; includeInIndex = 1; lastKnownFileType = text.xcconfig; name = "Pods-New Radio App.debug.xcconfig"; path = "Target Support Files/Pods-New Radio App/Pods-New Radio App.debug.xcconfig"; sourceTree = "<group>"; };
		86CB47780F6DDC11732A848C /* Pods-New Radio App.release.xcconfig */ = {isa = PBXFileReference; includeInIndex = 1; lastKnownFileType = text.xcconfig; name = "Pods-New Radio App.release.xcconfig"; path = "Target Support Files/Pods-New Radio App/Pods-New Radio App.release.xcconfig"; sourceTree = "<group>"; };
		CA1CB81E224D70AF002FFD54 /* ProfileViewController.swift */ = {isa = PBXFileReference; lastKnownFileType = sourcecode.swift; path = ProfileViewController.swift; sourceTree = "<group>"; };
		CA1CB81F224D70AF002FFD54 /* ProfileViewController.xib */ = {isa = PBXFileReference; lastKnownFileType = file.xib; path = ProfileViewController.xib; sourceTree = "<group>"; };
		CA1CB822224DFBD3002FFD54 /* APIService.swift */ = {isa = PBXFileReference; fileEncoding = 4; lastKnownFileType = sourcecode.swift; path = APIService.swift; sourceTree = "<group>"; };
		CA1CB824224DFBD9002FFD54 /* JsonParsingModels.swift */ = {isa = PBXFileReference; fileEncoding = 4; lastKnownFileType = sourcecode.swift; path = JsonParsingModels.swift; sourceTree = "<group>"; };
		CA1CB826224DFBE2002FFD54 /* Podcast.swift */ = {isa = PBXFileReference; fileEncoding = 4; lastKnownFileType = sourcecode.swift; path = Podcast.swift; sourceTree = "<group>"; };
		CA1CB82A224E04FA002FFD54 /* ChatListViewController.swift */ = {isa = PBXFileReference; lastKnownFileType = sourcecode.swift; path = ChatListViewController.swift; sourceTree = "<group>"; };
		CA1CB82C224E0744002FFD54 /* ChatListCell.xib */ = {isa = PBXFileReference; lastKnownFileType = file.xib; path = ChatListCell.xib; sourceTree = "<group>"; };
		CA1CB82E224E07D2002FFD54 /* ChatListCell.swift */ = {isa = PBXFileReference; lastKnownFileType = sourcecode.swift; path = ChatListCell.swift; sourceTree = "<group>"; };
		CA24CEEE22509ED400294141 /* FavoritesCell.swift */ = {isa = PBXFileReference; lastKnownFileType = sourcecode.swift; path = FavoritesCell.swift; sourceTree = "<group>"; };
		CA24CEEF22509ED400294141 /* FavoritesCell.xib */ = {isa = PBXFileReference; lastKnownFileType = file.xib; path = FavoritesCell.xib; sourceTree = "<group>"; };
		CA24CEF22250AA9A00294141 /* InfoPodcastViewController.swift */ = {isa = PBXFileReference; lastKnownFileType = sourcecode.swift; path = InfoPodcastViewController.swift; sourceTree = "<group>"; };
		CA24CEF32250AA9A00294141 /* InfoPodcastViewController.xib */ = {isa = PBXFileReference; lastKnownFileType = file.xib; path = InfoPodcastViewController.xib; sourceTree = "<group>"; };
		CA3D093422564C750079C482 /* GoogleService-Info.plist */ = {isa = PBXFileReference; fileEncoding = 4; lastKnownFileType = text.plist.xml; path = "GoogleService-Info.plist"; sourceTree = "<group>"; };
		CA3D096B22574EC70079C482 /* ChatViewController.swift */ = {isa = PBXFileReference; fileEncoding = 4; lastKnownFileType = sourcecode.swift; path = ChatViewController.swift; sourceTree = "<group>"; };
		CA3D097F225778B90079C482 /* MessageCell.swift */ = {isa = PBXFileReference; lastKnownFileType = sourcecode.swift; path = MessageCell.swift; sourceTree = "<group>"; };
		CA3D0980225778B90079C482 /* MessageCell.xib */ = {isa = PBXFileReference; lastKnownFileType = file.xib; path = MessageCell.xib; sourceTree = "<group>"; };
		CA51EF262245872F0061D0EA /* New Radio App.app */ = {isa = PBXFileReference; explicitFileType = wrapper.application; includeInIndex = 0; path = "New Radio App.app"; sourceTree = BUILT_PRODUCTS_DIR; };
		CA51EF292245872F0061D0EA /* AppDelegate.swift */ = {isa = PBXFileReference; lastKnownFileType = sourcecode.swift; path = AppDelegate.swift; sourceTree = "<group>"; };
		CA51EF2B2245872F0061D0EA /* ViewController.swift */ = {isa = PBXFileReference; lastKnownFileType = sourcecode.swift; path = ViewController.swift; sourceTree = "<group>"; };
		CA51EF2E2245872F0061D0EA /* Base */ = {isa = PBXFileReference; lastKnownFileType = file.storyboard; name = Base; path = Base.lproj/Main.storyboard; sourceTree = "<group>"; };
		CA51EF302245872F0061D0EA /* Assets.xcassets */ = {isa = PBXFileReference; lastKnownFileType = folder.assetcatalog; path = Assets.xcassets; sourceTree = "<group>"; };
		CA51EF332245872F0061D0EA /* Base */ = {isa = PBXFileReference; lastKnownFileType = file.storyboard; name = Base; path = Base.lproj/LaunchScreen.storyboard; sourceTree = "<group>"; };
		CA51EF352245872F0061D0EA /* Info.plist */ = {isa = PBXFileReference; lastKnownFileType = text.plist.xml; path = Info.plist; sourceTree = "<group>"; };
		CA51EF3B2247645D0061D0EA /* MainTabBarController.swift */ = {isa = PBXFileReference; lastKnownFileType = sourcecode.swift; path = MainTabBarController.swift; sourceTree = "<group>"; };
		CA51EF3E22476AD10061D0EA /* PodcastViewController.swift */ = {isa = PBXFileReference; lastKnownFileType = sourcecode.swift; path = PodcastViewController.swift; sourceTree = "<group>"; };
		CA51EF49224787560061D0EA /* PodcastCell.xib */ = {isa = PBXFileReference; fileEncoding = 4; lastKnownFileType = file.xib; path = PodcastCell.xib; sourceTree = "<group>"; };
		CA51EF4F224788580061D0EA /* PodcastCell.swift */ = {isa = PBXFileReference; lastKnownFileType = sourcecode.swift; path = PodcastCell.swift; sourceTree = "<group>"; };
		CA51EF51224796490061D0EA /* PlayerDetaislView.xib */ = {isa = PBXFileReference; fileEncoding = 4; lastKnownFileType = file.xib; path = PlayerDetaislView.xib; sourceTree = "<group>"; };
		CA51EF55224799680061D0EA /* PlayerDetaislView.swift */ = {isa = PBXFileReference; lastKnownFileType = sourcecode.swift; path = PlayerDetaislView.swift; sourceTree = "<group>"; };
		CA51EF582247B3720061D0EA /* CMTime.swift */ = {isa = PBXFileReference; lastKnownFileType = sourcecode.swift; path = CMTime.swift; sourceTree = "<group>"; };
		CA51EF5A224818610061D0EA /* PlayerDetailsView+Gesture.swift */ = {isa = PBXFileReference; lastKnownFileType = sourcecode.swift; path = "PlayerDetailsView+Gesture.swift"; sourceTree = "<group>"; };
		CA51EF5C224820930061D0EA /* UIApplication.swift */ = {isa = PBXFileReference; lastKnownFileType = sourcecode.swift; path = UIApplication.swift; sourceTree = "<group>"; };
		CA51EF5E2248E67D0061D0EA /* FavoritesController.swift */ = {isa = PBXFileReference; lastKnownFileType = sourcecode.swift; path = FavoritesController.swift; sourceTree = "<group>"; };
		CA51EF602248EE000061D0EA /* FavoritePodcastCell.swift */ = {isa = PBXFileReference; lastKnownFileType = sourcecode.swift; path = FavoritePodcastCell.swift; sourceTree = "<group>"; };
		CA51EFF4224A851E0061D0EA /* UserDefaults.swift */ = {isa = PBXFileReference; lastKnownFileType = sourcecode.swift; path = UserDefaults.swift; sourceTree = "<group>"; };
		CAEBD9F322534DFB003ECE29 /* New Radio App.entitlements */ = {isa = PBXFileReference; lastKnownFileType = text.plist.entitlements; path = "New Radio App.entitlements"; sourceTree = "<group>"; };
		CAEBD9F7225644DF003ECE29 /* CommentModel.swift */ = {isa = PBXFileReference; lastKnownFileType = sourcecode.swift; path = CommentModel.swift; sourceTree = "<group>"; };
		E48ED0300A695FFB7795B528 /* Pods_New_Radio_App.framework */ = {isa = PBXFileReference; explicitFileType = wrapper.framework; includeInIndex = 0; path = Pods_New_Radio_App.framework; sourceTree = BUILT_PRODUCTS_DIR; };
/* End PBXFileReference section */

/* Begin PBXFrameworksBuildPhase section */
		CA51EF232245872F0061D0EA /* Frameworks */ = {
			isa = PBXFrameworksBuildPhase;
			buildActionMask = 2147483647;
			files = (
				8298B3864931B6B05E8A67FC /* Pods_New_Radio_App.framework in Frameworks */,
			);
			runOnlyForDeploymentPostprocessing = 0;
		};
/* End PBXFrameworksBuildPhase section */

/* Begin PBXGroup section */
		24706A1C3D3B9139D7265C55 /* Pods */ = {
			isa = PBXGroup;
			children = (
				11290FEFEB7E09FA28A8226D /* Pods-New Radio App.debug.xcconfig */,
				86CB47780F6DDC11732A848C /* Pods-New Radio App.release.xcconfig */,
			);
			path = Pods;
			sourceTree = "<group>";
		};
		343DC4845CA1160EA630FEFC /* Frameworks */ = {
			isa = PBXGroup;
			children = (
				E48ED0300A695FFB7795B528 /* Pods_New_Radio_App.framework */,
			);
			name = Frameworks;
			sourceTree = "<group>";
		};
		CA51EF1D2245872F0061D0EA = {
			isa = PBXGroup;
			children = (
				CA51EF282245872F0061D0EA /* New Radio App */,
				CA51EF272245872F0061D0EA /* Products */,
				24706A1C3D3B9139D7265C55 /* Pods */,
				343DC4845CA1160EA630FEFC /* Frameworks */,
			);
			sourceTree = "<group>";
		};
		CA51EF272245872F0061D0EA /* Products */ = {
			isa = PBXGroup;
			children = (
				CA51EF262245872F0061D0EA /* New Radio App.app */,
			);
			name = Products;
			sourceTree = "<group>";
		};
		CA51EF282245872F0061D0EA /* New Radio App */ = {
			isa = PBXGroup;
			children = (
				CA51EF572247B33F0061D0EA /* Extensions */,
				CA51EF48224787420061D0EA /* Views */,
				CA51EF45224782A90061D0EA /* Service */,
				CA51EF4022476B2C0061D0EA /* Models */,
				CA51EF3D22476A3E0061D0EA /* Controllers */,
				CA51EF292245872F0061D0EA /* AppDelegate.swift */,
				CAEBD9F322534DFB003ECE29 /* New Radio App.entitlements */,
				CA51EF2B2245872F0061D0EA /* ViewController.swift */,
				CA51EF2D2245872F0061D0EA /* Main.storyboard */,
				CA51EF302245872F0061D0EA /* Assets.xcassets */,
				CA51EF322245872F0061D0EA /* LaunchScreen.storyboard */,
				CA3D093422564C750079C482 /* GoogleService-Info.plist */,
				CA51EF352245872F0061D0EA /* Info.plist */,
			);
			path = "New Radio App";
			sourceTree = "<group>";
		};
		CA51EF3D22476A3E0061D0EA /* Controllers */ = {
			isa = PBXGroup;
			children = (
				CA51EF3E22476AD10061D0EA /* PodcastViewController.swift */,
				CA51EF3B2247645D0061D0EA /* MainTabBarController.swift */,
				CA51EF5E2248E67D0061D0EA /* FavoritesController.swift */,
				CA1CB81E224D70AF002FFD54 /* ProfileViewController.swift */,
				CA24CEF22250AA9A00294141 /* InfoPodcastViewController.swift */,
				CA3D096B22574EC70079C482 /* ChatViewController.swift */,
				CA1CB82A224E04FA002FFD54 /* ChatListViewController.swift */,
			);
			path = Controllers;
			sourceTree = "<group>";
		};
		CA51EF4022476B2C0061D0EA /* Models */ = {
			isa = PBXGroup;
			children = (
				CA1CB826224DFBE2002FFD54 /* Podcast.swift */,
				CA1CB824224DFBD9002FFD54 /* JsonParsingModels.swift */,
				CAEBD9F7225644DF003ECE29 /* CommentModel.swift */,
			);
			path = Models;
			sourceTree = "<group>";
		};
		CA51EF45224782A90061D0EA /* Service */ = {
			isa = PBXGroup;
			children = (
				CA1CB822224DFBD3002FFD54 /* APIService.swift */,
			);
			path = Service;
			sourceTree = "<group>";
		};
		CA51EF48224787420061D0EA /* Views */ = {
			isa = PBXGroup;
			children = (
				CA51EF51224796490061D0EA /* PlayerDetaislView.xib */,
				CA51EF55224799680061D0EA /* PlayerDetaislView.swift */,
				CA51EF5A224818610061D0EA /* PlayerDetailsView+Gesture.swift */,
				CA51EF49224787560061D0EA /* PodcastCell.xib */,
				CA51EF4F224788580061D0EA /* PodcastCell.swift */,
				CA1CB82C224E0744002FFD54 /* ChatListCell.xib */,
				CA1CB82E224E07D2002FFD54 /* ChatListCell.swift */,
				CA51EF602248EE000061D0EA /* FavoritePodcastCell.swift */,
				CA1CB81F224D70AF002FFD54 /* ProfileViewController.xib */,
				CA24CEEE22509ED400294141 /* FavoritesCell.swift */,
				CA24CEEF22509ED400294141 /* FavoritesCell.xib */,
				CA24CEF32250AA9A00294141 /* InfoPodcastViewController.xib */,
				CA3D097F225778B90079C482 /* MessageCell.swift */,
				CA3D0980225778B90079C482 /* MessageCell.xib */,
			);
			path = Views;
			sourceTree = "<group>";
		};
		CA51EF572247B33F0061D0EA /* Extensions */ = {
			isa = PBXGroup;
			children = (
				CA51EF582247B3720061D0EA /* CMTime.swift */,
				CA51EF5C224820930061D0EA /* UIApplication.swift */,
				CA51EFF4224A851E0061D0EA /* UserDefaults.swift */,
			);
			path = Extensions;
			sourceTree = "<group>";
		};
/* End PBXGroup section */

/* Begin PBXNativeTarget section */
		CA51EF252245872F0061D0EA /* New Radio App */ = {
			isa = PBXNativeTarget;
			buildConfigurationList = CA51EF382245872F0061D0EA /* Build configuration list for PBXNativeTarget "New Radio App" */;
			buildPhases = (
				E404A147E432FBFC2184BE42 /* [CP] Check Pods Manifest.lock */,
				CA51EF222245872F0061D0EA /* Sources */,
				CA51EF232245872F0061D0EA /* Frameworks */,
				CA51EF242245872F0061D0EA /* Resources */,
				96EEE6E1CD2ED5961EA20C7E /* [CP] Embed Pods Frameworks */,
			);
			buildRules = (
			);
			dependencies = (
			);
			name = "New Radio App";
			productName = "New Radio App";
			productReference = CA51EF262245872F0061D0EA /* New Radio App.app */;
			productType = "com.apple.product-type.application";
		};
/* End PBXNativeTarget section */

/* Begin PBXProject section */
		CA51EF1E2245872F0061D0EA /* Project object */ = {
			isa = PBXProject;
			attributes = {
				LastSwiftUpdateCheck = 1010;
				LastUpgradeCheck = 1010;
				ORGANIZATIONNAME = "Nikita Koniukh";
				TargetAttributes = {
					CA51EF252245872F0061D0EA = {
						CreatedOnToolsVersion = 10.1;
						SystemCapabilities = {
							com.apple.BackgroundModes = {
								enabled = 1;
							};
							com.apple.Keychain = {
								enabled = 1;
							};
							com.apple.Push = {
								enabled = 1;
							};
						};
					};
				};
			};
			buildConfigurationList = CA51EF212245872F0061D0EA /* Build configuration list for PBXProject "New Radio App" */;
			compatibilityVersion = "Xcode 9.3";
			developmentRegion = en;
			hasScannedForEncodings = 0;
			knownRegions = (
				en,
				Base,
			);
			mainGroup = CA51EF1D2245872F0061D0EA;
			productRefGroup = CA51EF272245872F0061D0EA /* Products */;
			projectDirPath = "";
			projectRoot = "";
			targets = (
				CA51EF252245872F0061D0EA /* New Radio App */,
			);
		};
/* End PBXProject section */

/* Begin PBXResourcesBuildPhase section */
		CA51EF242245872F0061D0EA /* Resources */ = {
			isa = PBXResourcesBuildPhase;
			buildActionMask = 2147483647;
			files = (
				CA51EF342245872F0061D0EA /* LaunchScreen.storyboard in Resources */,
				CA3D0982225778B90079C482 /* MessageCell.xib in Resources */,
				CA51EF312245872F0061D0EA /* Assets.xcassets in Resources */,
				CA24CEF52250AA9A00294141 /* InfoPodcastViewController.xib in Resources */,
				CA1CB821224D70AF002FFD54 /* ProfileViewController.xib in Resources */,
				CA51EF4A224787560061D0EA /* PodcastCell.xib in Resources */,
				CA1CB82D224E0744002FFD54 /* ChatListCell.xib in Resources */,
				CA51EF52224796490061D0EA /* PlayerDetaislView.xib in Resources */,
				CA51EF2F2245872F0061D0EA /* Main.storyboard in Resources */,
				CA3D093522564C750079C482 /* GoogleService-Info.plist in Resources */,
				CA24CEF122509ED400294141 /* FavoritesCell.xib in Resources */,
			);
			runOnlyForDeploymentPostprocessing = 0;
		};
/* End PBXResourcesBuildPhase section */

/* Begin PBXShellScriptBuildPhase section */
		96EEE6E1CD2ED5961EA20C7E /* [CP] Embed Pods Frameworks */ = {
			isa = PBXShellScriptBuildPhase;
			buildActionMask = 2147483647;
			files = (
			);
			inputFileListPaths = (
			);
			inputPaths = (
				"${PODS_ROOT}/Target Support Files/Pods-New Radio App/Pods-New Radio App-frameworks.sh",
				"${BUILT_PRODUCTS_DIR}/Alamofire/Alamofire.framework",
				"${BUILT_PRODUCTS_DIR}/BMSAnalyticsAPI/BMSAnalyticsAPI.framework",
				"${BUILT_PRODUCTS_DIR}/BMSCore/BMSCore.framework",
				"${BUILT_PRODUCTS_DIR}/BMSPush/BMSPush.framework",
				"${BUILT_PRODUCTS_DIR}/FeedKit/FeedKit.framework",
				"${BUILT_PRODUCTS_DIR}/GoogleUtilities/GoogleUtilities.framework",
				"${BUILT_PRODUCTS_DIR}/IBMCloudAppID/IBMCloudAppID.framework",
				"${BUILT_PRODUCTS_DIR}/JOSESwift/JOSESwift.framework",
				"${BUILT_PRODUCTS_DIR}/SDWebImage/SDWebImage.framework",
				"${BUILT_PRODUCTS_DIR}/SwiftyJSON/SwiftyJSON.framework",
				"${BUILT_PRODUCTS_DIR}/leveldb-library/leveldb.framework",
				"${BUILT_PRODUCTS_DIR}/nanopb/nanopb.framework",
			);
			name = "[CP] Embed Pods Frameworks";
			outputFileListPaths = (
			);
			outputPaths = (
				"${TARGET_BUILD_DIR}/${FRAMEWORKS_FOLDER_PATH}/Alamofire.framework",
				"${TARGET_BUILD_DIR}/${FRAMEWORKS_FOLDER_PATH}/BMSAnalyticsAPI.framework",
				"${TARGET_BUILD_DIR}/${FRAMEWORKS_FOLDER_PATH}/BMSCore.framework",
				"${TARGET_BUILD_DIR}/${FRAMEWORKS_FOLDER_PATH}/BMSPush.framework",
				"${TARGET_BUILD_DIR}/${FRAMEWORKS_FOLDER_PATH}/FeedKit.framework",
				"${TARGET_BUILD_DIR}/${FRAMEWORKS_FOLDER_PATH}/GoogleUtilities.framework",
				"${TARGET_BUILD_DIR}/${FRAMEWORKS_FOLDER_PATH}/IBMCloudAppID.framework",
				"${TARGET_BUILD_DIR}/${FRAMEWORKS_FOLDER_PATH}/JOSESwift.framework",
				"${TARGET_BUILD_DIR}/${FRAMEWORKS_FOLDER_PATH}/SDWebImage.framework",
				"${TARGET_BUILD_DIR}/${FRAMEWORKS_FOLDER_PATH}/SwiftyJSON.framework",
				"${TARGET_BUILD_DIR}/${FRAMEWORKS_FOLDER_PATH}/leveldb.framework",
				"${TARGET_BUILD_DIR}/${FRAMEWORKS_FOLDER_PATH}/nanopb.framework",
			);
			runOnlyForDeploymentPostprocessing = 0;
			shellPath = /bin/sh;
			shellScript = "\"${PODS_ROOT}/Target Support Files/Pods-New Radio App/Pods-New Radio App-frameworks.sh\"\n";
			showEnvVarsInLog = 0;
		};
		E404A147E432FBFC2184BE42 /* [CP] Check Pods Manifest.lock */ = {
			isa = PBXShellScriptBuildPhase;
			buildActionMask = 2147483647;
			files = (
			);
			inputFileListPaths = (
			);
			inputPaths = (
				"${PODS_PODFILE_DIR_PATH}/Podfile.lock",
				"${PODS_ROOT}/Manifest.lock",
			);
			name = "[CP] Check Pods Manifest.lock";
			outputFileListPaths = (
			);
			outputPaths = (
				"$(DERIVED_FILE_DIR)/Pods-New Radio App-checkManifestLockResult.txt",
			);
			runOnlyForDeploymentPostprocessing = 0;
			shellPath = /bin/sh;
			shellScript = "diff \"${PODS_PODFILE_DIR_PATH}/Podfile.lock\" \"${PODS_ROOT}/Manifest.lock\" > /dev/null\nif [ $? != 0 ] ; then\n    # print error to STDERR\n    echo \"error: The sandbox is not in sync with the Podfile.lock. Run 'pod install' or update your CocoaPods installation.\" >&2\n    exit 1\nfi\n# This output is used by Xcode 'outputs' to avoid re-running this script phase.\necho \"SUCCESS\" > \"${SCRIPT_OUTPUT_FILE_0}\"\n";
			showEnvVarsInLog = 0;
		};
/* End PBXShellScriptBuildPhase section */

/* Begin PBXSourcesBuildPhase section */
		CA51EF222245872F0061D0EA /* Sources */ = {
			isa = PBXSourcesBuildPhase;
			buildActionMask = 2147483647;
			files = (
				CA1CB823224DFBD3002FFD54 /* APIService.swift in Sources */,
				CA51EF5F2248E67D0061D0EA /* FavoritesController.swift in Sources */,
				CA1CB82B224E04FA002FFD54 /* ChatListViewController.swift in Sources */,
				CA51EF5D224820930061D0EA /* UIApplication.swift in Sources */,
				CA1CB820224D70AF002FFD54 /* ProfileViewController.swift in Sources */,
				CA51EF612248EE000061D0EA /* FavoritePodcastCell.swift in Sources */,
				CA3D0981225778B90079C482 /* MessageCell.swift in Sources */,
				CA51EF56224799680061D0EA /* PlayerDetaislView.swift in Sources */,
				CAEBD9F8225644DF003ECE29 /* CommentModel.swift in Sources */,
				CA51EF50224788580061D0EA /* PodcastCell.swift in Sources */,
				CA24CEF42250AA9A00294141 /* InfoPodcastViewController.swift in Sources */,
				CA51EF2C2245872F0061D0EA /* ViewController.swift in Sources */,
				CA51EF2A2245872F0061D0EA /* AppDelegate.swift in Sources */,
				CA51EF5B224818610061D0EA /* PlayerDetailsView+Gesture.swift in Sources */,
				CA1CB82F224E07D2002FFD54 /* ChatListCell.swift in Sources */,
				CA51EF3C2247645D0061D0EA /* MainTabBarController.swift in Sources */,
				CA3D096C22574EC70079C482 /* ChatViewController.swift in Sources */,
				CA51EFF5224A851E0061D0EA /* UserDefaults.swift in Sources */,
				CA1CB827224DFBE3002FFD54 /* Podcast.swift in Sources */,
				CA1CB825224DFBD9002FFD54 /* JsonParsingModels.swift in Sources */,
				CA51EF3F22476AD10061D0EA /* PodcastViewController.swift in Sources */,
				CA51EF592247B3720061D0EA /* CMTime.swift in Sources */,
				CA24CEF022509ED400294141 /* FavoritesCell.swift in Sources */,
			);
			runOnlyForDeploymentPostprocessing = 0;
		};
/* End PBXSourcesBuildPhase section */

/* Begin PBXVariantGroup section */
		CA51EF2D2245872F0061D0EA /* Main.storyboard */ = {
			isa = PBXVariantGroup;
			children = (
				CA51EF2E2245872F0061D0EA /* Base */,
			);
			name = Main.storyboard;
			sourceTree = "<group>";
		};
		CA51EF322245872F0061D0EA /* LaunchScreen.storyboard */ = {
			isa = PBXVariantGroup;
			children = (
				CA51EF332245872F0061D0EA /* Base */,
			);
			name = LaunchScreen.storyboard;
			sourceTree = "<group>";
		};
/* End PBXVariantGroup section */

/* Begin XCBuildConfiguration section */
		CA51EF362245872F0061D0EA /* Debug */ = {
			isa = XCBuildConfiguration;
			buildSettings = {
				ALWAYS_SEARCH_USER_PATHS = NO;
				CLANG_ANALYZER_NONNULL = YES;
				CLANG_ANALYZER_NUMBER_OBJECT_CONVERSION = YES_AGGRESSIVE;
				CLANG_CXX_LANGUAGE_STANDARD = "gnu++14";
				CLANG_CXX_LIBRARY = "libc++";
				CLANG_ENABLE_MODULES = YES;
				CLANG_ENABLE_OBJC_ARC = YES;
				CLANG_ENABLE_OBJC_WEAK = YES;
				CLANG_WARN_BLOCK_CAPTURE_AUTORELEASING = YES;
				CLANG_WARN_BOOL_CONVERSION = YES;
				CLANG_WARN_COMMA = YES;
				CLANG_WARN_CONSTANT_CONVERSION = YES;
				CLANG_WARN_DEPRECATED_OBJC_IMPLEMENTATIONS = YES;
				CLANG_WARN_DIRECT_OBJC_ISA_USAGE = YES_ERROR;
				CLANG_WARN_DOCUMENTATION_COMMENTS = YES;
				CLANG_WARN_EMPTY_BODY = YES;
				CLANG_WARN_ENUM_CONVERSION = YES;
				CLANG_WARN_INFINITE_RECURSION = YES;
				CLANG_WARN_INT_CONVERSION = YES;
				CLANG_WARN_NON_LITERAL_NULL_CONVERSION = YES;
				CLANG_WARN_OBJC_IMPLICIT_RETAIN_SELF = YES;
				CLANG_WARN_OBJC_LITERAL_CONVERSION = YES;
				CLANG_WARN_OBJC_ROOT_CLASS = YES_ERROR;
				CLANG_WARN_RANGE_LOOP_ANALYSIS = YES;
				CLANG_WARN_STRICT_PROTOTYPES = YES;
				CLANG_WARN_SUSPICIOUS_MOVE = YES;
				CLANG_WARN_UNGUARDED_AVAILABILITY = YES_AGGRESSIVE;
				CLANG_WARN_UNREACHABLE_CODE = YES;
				CLANG_WARN__DUPLICATE_METHOD_MATCH = YES;
				CODE_SIGN_IDENTITY = "iPhone Developer";
				COPY_PHASE_STRIP = NO;
				DEBUG_INFORMATION_FORMAT = dwarf;
				ENABLE_STRICT_OBJC_MSGSEND = YES;
				ENABLE_TESTABILITY = YES;
				GCC_C_LANGUAGE_STANDARD = gnu11;
				GCC_DYNAMIC_NO_PIC = NO;
				GCC_NO_COMMON_BLOCKS = YES;
				GCC_OPTIMIZATION_LEVEL = 0;
				GCC_PREPROCESSOR_DEFINITIONS = (
					"DEBUG=1",
					"$(inherited)",
				);
				GCC_WARN_64_TO_32_BIT_CONVERSION = YES;
				GCC_WARN_ABOUT_RETURN_TYPE = YES_ERROR;
				GCC_WARN_UNDECLARED_SELECTOR = YES;
				GCC_WARN_UNINITIALIZED_AUTOS = YES_AGGRESSIVE;
				GCC_WARN_UNUSED_FUNCTION = YES;
				GCC_WARN_UNUSED_VARIABLE = YES;
				IPHONEOS_DEPLOYMENT_TARGET = 12.1;
				MTL_ENABLE_DEBUG_INFO = INCLUDE_SOURCE;
				MTL_FAST_MATH = YES;
				ONLY_ACTIVE_ARCH = YES;
				SDKROOT = iphoneos;
				SWIFT_ACTIVE_COMPILATION_CONDITIONS = DEBUG;
				SWIFT_OPTIMIZATION_LEVEL = "-Onone";
			};
			name = Debug;
		};
		CA51EF372245872F0061D0EA /* Release */ = {
			isa = XCBuildConfiguration;
			buildSettings = {
				ALWAYS_SEARCH_USER_PATHS = NO;
				CLANG_ANALYZER_NONNULL = YES;
				CLANG_ANALYZER_NUMBER_OBJECT_CONVERSION = YES_AGGRESSIVE;
				CLANG_CXX_LANGUAGE_STANDARD = "gnu++14";
				CLANG_CXX_LIBRARY = "libc++";
				CLANG_ENABLE_MODULES = YES;
				CLANG_ENABLE_OBJC_ARC = YES;
				CLANG_ENABLE_OBJC_WEAK = YES;
				CLANG_WARN_BLOCK_CAPTURE_AUTORELEASING = YES;
				CLANG_WARN_BOOL_CONVERSION = YES;
				CLANG_WARN_COMMA = YES;
				CLANG_WARN_CONSTANT_CONVERSION = YES;
				CLANG_WARN_DEPRECATED_OBJC_IMPLEMENTATIONS = YES;
				CLANG_WARN_DIRECT_OBJC_ISA_USAGE = YES_ERROR;
				CLANG_WARN_DOCUMENTATION_COMMENTS = YES;
				CLANG_WARN_EMPTY_BODY = YES;
				CLANG_WARN_ENUM_CONVERSION = YES;
				CLANG_WARN_INFINITE_RECURSION = YES;
				CLANG_WARN_INT_CONVERSION = YES;
				CLANG_WARN_NON_LITERAL_NULL_CONVERSION = YES;
				CLANG_WARN_OBJC_IMPLICIT_RETAIN_SELF = YES;
				CLANG_WARN_OBJC_LITERAL_CONVERSION = YES;
				CLANG_WARN_OBJC_ROOT_CLASS = YES_ERROR;
				CLANG_WARN_RANGE_LOOP_ANALYSIS = YES;
				CLANG_WARN_STRICT_PROTOTYPES = YES;
				CLANG_WARN_SUSPICIOUS_MOVE = YES;
				CLANG_WARN_UNGUARDED_AVAILABILITY = YES_AGGRESSIVE;
				CLANG_WARN_UNREACHABLE_CODE = YES;
				CLANG_WARN__DUPLICATE_METHOD_MATCH = YES;
				CODE_SIGN_IDENTITY = "iPhone Developer";
				COPY_PHASE_STRIP = NO;
				DEBUG_INFORMATION_FORMAT = "dwarf-with-dsym";
				ENABLE_NS_ASSERTIONS = NO;
				ENABLE_STRICT_OBJC_MSGSEND = YES;
				GCC_C_LANGUAGE_STANDARD = gnu11;
				GCC_NO_COMMON_BLOCKS = YES;
				GCC_WARN_64_TO_32_BIT_CONVERSION = YES;
				GCC_WARN_ABOUT_RETURN_TYPE = YES_ERROR;
				GCC_WARN_UNDECLARED_SELECTOR = YES;
				GCC_WARN_UNINITIALIZED_AUTOS = YES_AGGRESSIVE;
				GCC_WARN_UNUSED_FUNCTION = YES;
				GCC_WARN_UNUSED_VARIABLE = YES;
				IPHONEOS_DEPLOYMENT_TARGET = 12.1;
				MTL_ENABLE_DEBUG_INFO = NO;
				MTL_FAST_MATH = YES;
				SDKROOT = iphoneos;
				SWIFT_COMPILATION_MODE = wholemodule;
				SWIFT_OPTIMIZATION_LEVEL = "-O";
				VALIDATE_PRODUCT = YES;
			};
			name = Release;
		};
		CA51EF392245872F0061D0EA /* Debug */ = {
			isa = XCBuildConfiguration;
			baseConfigurationReference = 11290FEFEB7E09FA28A8226D /* Pods-New Radio App.debug.xcconfig */;
			buildSettings = {
				ASSETCATALOG_COMPILER_APPICON_NAME = AppIcon;
				CODE_SIGN_ENTITLEMENTS = "New Radio App/New Radio App.entitlements";
				CODE_SIGN_IDENTITY = "iPhone Developer: nikitos.koniukh@gmail.com (VA29J656V3)";
				CODE_SIGN_STYLE = Manual;
				DEVELOPMENT_TEAM = "";
				INFOPLIST_FILE = "New Radio App/Info.plist";
				LD_RUNPATH_SEARCH_PATHS = (
					"$(inherited)",
					"@executable_path/Frameworks",
				);
				PRODUCT_BUNDLE_IDENTIFIER = "com.NikitaKoniukh.New-Radio-App";
				PRODUCT_NAME = "$(TARGET_NAME)";
				PROVISIONING_PROFILE_SPECIFIER = "Radio Push Notification Dev cer";
				SWIFT_VERSION = 4.2;
				TARGETED_DEVICE_FAMILY = 1;
			};
			name = Debug;
		};
		CA51EF3A2245872F0061D0EA /* Release */ = {
			isa = XCBuildConfiguration;
			baseConfigurationReference = 86CB47780F6DDC11732A848C /* Pods-New Radio App.release.xcconfig */;
			buildSettings = {
				ASSETCATALOG_COMPILER_APPICON_NAME = AppIcon;
				CODE_SIGN_ENTITLEMENTS = "New Radio App/New Radio App.entitlements";
				CODE_SIGN_IDENTITY = "iPhone Developer: nikitos.koniukh@gmail.com (VA29J656V3)";
				CODE_SIGN_STYLE = Manual;
				DEVELOPMENT_TEAM = "";
				INFOPLIST_FILE = "New Radio App/Info.plist";
				LD_RUNPATH_SEARCH_PATHS = (
					"$(inherited)",
					"@executable_path/Frameworks",
				);
				PRODUCT_BUNDLE_IDENTIFIER = "com.NikitaKoniukh.New-Radio-App";
				PRODUCT_NAME = "$(TARGET_NAME)";
				PROVISIONING_PROFILE_SPECIFIER = "Radio Push Notification Dev cer";
				SWIFT_VERSION = 4.2;
				TARGETED_DEVICE_FAMILY = 1;
			};
			name = Release;
		};
/* End XCBuildConfiguration section */

/* Begin XCConfigurationList section */
		CA51EF212245872F0061D0EA /* Build configuration list for PBXProject "New Radio App" */ = {
			isa = XCConfigurationList;
			buildConfigurations = (
				CA51EF362245872F0061D0EA /* Debug */,
				CA51EF372245872F0061D0EA /* Release */,
			);
			defaultConfigurationIsVisible = 0;
			defaultConfigurationName = Release;
		};
		CA51EF382245872F0061D0EA /* Build configuration list for PBXNativeTarget "New Radio App" */ = {
			isa = XCConfigurationList;
			buildConfigurations = (
				CA51EF392245872F0061D0EA /* Debug */,
				CA51EF3A2245872F0061D0EA /* Release */,
			);
			defaultConfigurationIsVisible = 0;
			defaultConfigurationName = Release;
		};
/* End XCConfigurationList section */
	};
	rootObject = CA51EF1E2245872F0061D0EA /* Project object */;
}
